{
    "_readme": [
        "This file locks the dependencies of your project to a known state",
        "Read more about it at https://getcomposer.org/doc/01-basic-usage.md#installing-dependencies",
        "This file is @generated automatically"
    ],
    "content-hash": "a807fbbb394ecd5fe98c5f3b0032314a",
    "packages": [
        {
            "name": "workerman/channel",
            "version": "dev-master",
            "source": {
                "type": "git",
                "url": "https://github.com/walkor/channel.git",
                "reference": "7f9f6a488354bd7c5e953139da4143f84c81a199"
            },
            "dist": {
                "type": "zip",
                "url": "https://api.github.com/repos/walkor/channel/zipball/7f9f6a488354bd7c5e953139da4143f84c81a199",
                "reference": "7f9f6a488354bd7c5e953139da4143f84c81a199",
                "shasum": ""
            },
            "require": {
                "workerman/workerman": ">=3.3.0"
            },
            "type": "library",
            "autoload": {
                "psr-4": {
                    "Channel\\": "./src"
                }
            },
            "notification-url": "https://packagist.org/downloads/",
            "license": [
                "MIT"
            ],
            "homepage": "http://www.workerman.net",
            "time": "2020-09-09T09:11:42+00:00"
        },
        {
            "name": "workerman/phpsocket.io",
            "version": "dev-master",
            "source": {
                "type": "git",
                "url": "https://github.com/walkor/phpsocket.io.git",
                "reference": "d0d046606e52a2e5b72807240930f83cbc59f443"
            },
            "dist": {
                "type": "zip",
                "url": "https://api.github.com/repos/walkor/phpsocket.io/zipball/d0d046606e52a2e5b72807240930f83cbc59f443",
                "reference": "d0d046606e52a2e5b72807240930f83cbc59f443",
                "shasum": ""
            },
            "require": {
                "workerman/channel": ">=1.0.0",
                "workerman/workerman": ">=3.5.16"
            },
            "type": "library",
            "autoload": {
                "psr-4": {
                    "PHPSocketIO\\": "./src"
                }
            },
            "notification-url": "https://packagist.org/downloads/",
            "license": [
                "MIT"
            ],
            "homepage": "http://www.workerman.net",
            "keywords": [
                "Socket.io"
            ],
            "time": "2020-04-21T09:54:33+00:00"
        },
        {
            "name": "workerman/workerman",
            "version": "dev-master",
            "source": {
                "type": "git",
                "url": "https://github.com/walkor/Workerman.git",
                "reference": "49708bb40e16cccb91aa1ffa841e64a34677a264"
            },
            "dist": {
                "type": "zip",
                "url": "https://api.github.com/repos/walkor/Workerman/zipball/49708bb40e16cccb91aa1ffa841e64a34677a264",
                "reference": "49708bb40e16cccb91aa1ffa841e64a34677a264",
                "shasum": ""
            },
            "require": {
                "php": ">=5.3"
            },
            "suggest": {
                "ext-event": "For better performance. "
            },
            "type": "library",
            "autoload": {
                "psr-4": {
                    "Workerman\\": "./"
                }
            },
            "notification-url": "https://packagist.org/downloads/",
            "license": [
                "MIT"
            ],
            "authors": [
                {
                    "name": "walkor",
                    "email": "walkor@workerman.net",
                    "homepage": "http://www.workerman.net",
                    "role": "Developer"
                }
            ],
            "description": "An asynchronous event driven PHP framework for easily building fast, scalable network applications.",
            "homepage": "http://www.workerman.net",
            "keywords": [
                "asynchronous",
                "event-loop"
            ],
            "time": "2020-10-03T11:25:24+00:00"
        }
    ],
    "packages-dev": [],
    "aliases": [],
    "minimum-stability": "dev",
    "stability-flags": {
        "workerman/workerman": 20,
        "workerman/phpsocket.io": 20
    },
    "prefer-stable": false,
    "prefer-lowest": false,
    "platform": [],
    "platform-dev": [],
    "plugin-api-version": "1.1.0"
}
